
Microsoft Visual Studio Solution File, Format Version 12.00
# Visual Studio 14
VisualStudioVersion = 14.0.23107.0
MinimumVisualStudioVersion = 10.0.40219.1
Project("{FAE04EC0-301F-11D3-BF4B-00C04F79EFBC}") = "functions-1", "functions-1\functions-1.csproj", "{E6D39B93-1B34-43E8-BEF7-C0B233B19262}"
EndProject
Project("{FAE04EC0-301F-11D3-BF4B-00C04F79EFBC}") = "task-2", "task-2\task-2.csproj", "{FEE3E3B3-9A00-4751-B862-C2110ECF4FD3}"
EndProject
Project("{FAE04EC0-301F-11D3-BF4B-00C04F79EFBC}") = "task-3", "task-3\task-3.csproj", "{859B2BD8-C051-41AC-A198-D668E59B6614}"
EndProject
Project("{FAE04EC0-301F-11D3-BF4B-00C04F79EFBC}") = "task-4", "task-4\task-4.csproj", "{C70DAC7B-9488-42CB-8265-CC7232F17BFB}"
EndProject
Global
	GlobalSection(SolutionConfigurationPlatforms) = preSolution
		Debug|Any CPU = Debug|Any CPU
		Release|Any CPU = Release|Any CPU
	EndGlobalSection
	GlobalSection(ProjectConfigurationPlatforms) = postSolution
		{E6D39B93-1B34-43E8-BEF7-C0B233B19262}.Debug|Any CPU.ActiveCfg = Debug|Any CPU
		{E6D39B93-1B34-43E8-BEF7-C0B233B19262}.Debug|Any CPU.Build.0 = Debug|Any CPU
		{E6D39B93-1B34-43E8-BEF7-C0B233B19262}.Release|Any CPU.ActiveCfg = Release|Any CPU
		{E6D39B93-1B34-43E8-BEF7-C0B233B19262}.Release|Any CPU.Build.0 = Release|Any CPU
		{FEE3E3B3-9A00-4751-B862-C2110ECF4FD3}.Debug|Any CPU.ActiveCfg = Debug|Any CPU
		{FEE3E3B3-9A00-4751-B862-C2110ECF4FD3}.Debug|Any CPU.Build.0 = Debug|Any CPU
		{FEE3E3B3-9A00-4751-B862-C2110ECF4FD3}.Release|Any CPU.ActiveCfg = Release|Any CPU
		{FEE3E3B3-9A00-4751-B862-C2110ECF4FD3}.Release|Any CPU.Build.0 = Release|Any CPU
		{859B2BD8-C051-41AC-A198-D668E59B6614}.Debug|Any CPU.ActiveCfg = Debug|Any CPU
		{859B2BD8-C051-41AC-A198-D668E59B6614}.Debug|Any CPU.Build.0 = Debug|Any CPU
		{859B2BD8-C051-41AC-A198-D668E59B6614}.Release|Any CPU.ActiveCfg = Release|Any CPU
		{859B2BD8-C051-41AC-A198-D668E59B6614}.Release|Any CPU.Build.0 = Release|Any CPU
		{C70DAC7B-9488-42CB-8265-CC7232F17BFB}.Debug|Any CPU.ActiveCfg = Debug|Any CPU
		{C70DAC7B-9488-42CB-8265-CC7232F17BFB}.Debug|Any CPU.Build.0 = Debug|Any CPU
		{C70DAC7B-9488-42CB-8265-CC7232F17BFB}.Release|Any CPU.ActiveCfg = Release|Any CPU
		{C70DAC7B-9488-42CB-8265-CC7232F17BFB}.Release|Any CPU.Build.0 = Release|Any CPU
	EndGlobalSection
	GlobalSection(SolutionProperties) = preSolution
		HideSolutionNode = FALSE
	EndGlobalSection
EndGlobal
