
Microsoft Visual Studio Solution File, Format Version 12.00
# Visual Studio 15
VisualStudioVersion = 15.0.27004.2002
MinimumVisualStudioVersion = 10.0.40219.1
Project("{FAE04EC0-301F-11D3-BF4B-00C04F79EFBC}") = "ConsoleApp1", "ConsoleApp1\ConsoleApp1.csproj", "{6CE019B2-308C-4DA2-A28B-E04E8B0B3DD9}"
EndProject
Project("{FAE04EC0-301F-11D3-BF4B-00C04F79EFBC}") = "task-2", "task-2\task-2.csproj", "{0B3ED033-ADE1-4055-897F-F52D963EF350}"
EndProject
Project("{FAE04EC0-301F-11D3-BF4B-00C04F79EFBC}") = "task-3", "task-3\task-3.csproj", "{C5A80518-B9AF-4948-ABFF-677258F8983D}"
EndProject
Global
	GlobalSection(SolutionConfigurationPlatforms) = preSolution
		Debug|Any CPU = Debug|Any CPU
		Release|Any CPU = Release|Any CPU
	EndGlobalSection
	GlobalSection(ProjectConfigurationPlatforms) = postSolution
		{6CE019B2-308C-4DA2-A28B-E04E8B0B3DD9}.Debug|Any CPU.ActiveCfg = Debug|Any CPU
		{6CE019B2-308C-4DA2-A28B-E04E8B0B3DD9}.Debug|Any CPU.Build.0 = Debug|Any CPU
		{6CE019B2-308C-4DA2-A28B-E04E8B0B3DD9}.Release|Any CPU.ActiveCfg = Release|Any CPU
		{6CE019B2-308C-4DA2-A28B-E04E8B0B3DD9}.Release|Any CPU.Build.0 = Release|Any CPU
		{0B3ED033-ADE1-4055-897F-F52D963EF350}.Debug|Any CPU.ActiveCfg = Debug|Any CPU
		{0B3ED033-ADE1-4055-897F-F52D963EF350}.Debug|Any CPU.Build.0 = Debug|Any CPU
		{0B3ED033-ADE1-4055-897F-F52D963EF350}.Release|Any CPU.ActiveCfg = Release|Any CPU
		{0B3ED033-ADE1-4055-897F-F52D963EF350}.Release|Any CPU.Build.0 = Release|Any CPU
		{C5A80518-B9AF-4948-ABFF-677258F8983D}.Debug|Any CPU.ActiveCfg = Debug|Any CPU
		{C5A80518-B9AF-4948-ABFF-677258F8983D}.Debug|Any CPU.Build.0 = Debug|Any CPU
		{C5A80518-B9AF-4948-ABFF-677258F8983D}.Release|Any CPU.ActiveCfg = Release|Any CPU
		{C5A80518-B9AF-4948-ABFF-677258F8983D}.Release|Any CPU.Build.0 = Release|Any CPU
	EndGlobalSection
	GlobalSection(SolutionProperties) = preSolution
		HideSolutionNode = FALSE
	EndGlobalSection
	GlobalSection(ExtensibilityGlobals) = postSolution
		SolutionGuid = {643AFC48-54B6-4A20-9AF4-AB4E6FF6EC81}
	EndGlobalSection
EndGlobal
