
Microsoft Visual Studio Solution File, Format Version 12.00
# Visual Studio 15
VisualStudioVersion = 15.0.27004.2002
MinimumVisualStudioVersion = 10.0.40219.1
Project("{FAE04EC0-301F-11D3-BF4B-00C04F79EFBC}") = "vokaalilaskuri", "vokaalilaskuri\vokaalilaskuri.csproj", "{10A670E8-5C13-4D23-898B-0EB23A629603}"
EndProject
Global
	GlobalSection(SolutionConfigurationPlatforms) = preSolution
		Debug|Any CPU = Debug|Any CPU
		Release|Any CPU = Release|Any CPU
	EndGlobalSection
	GlobalSection(ProjectConfigurationPlatforms) = postSolution
		{10A670E8-5C13-4D23-898B-0EB23A629603}.Debug|Any CPU.ActiveCfg = Debug|Any CPU
		{10A670E8-5C13-4D23-898B-0EB23A629603}.Debug|Any CPU.Build.0 = Debug|Any CPU
		{10A670E8-5C13-4D23-898B-0EB23A629603}.Release|Any CPU.ActiveCfg = Release|Any CPU
		{10A670E8-5C13-4D23-898B-0EB23A629603}.Release|Any CPU.Build.0 = Release|Any CPU
	EndGlobalSection
	GlobalSection(SolutionProperties) = preSolution
		HideSolutionNode = FALSE
	EndGlobalSection
	GlobalSection(ExtensibilityGlobals) = postSolution
		SolutionGuid = {B39DE777-A365-40A5-83AF-1A9C3E16B4BD}
	EndGlobalSection
EndGlobal
