
Microsoft Visual Studio Solution File, Format Version 12.00
# Visual Studio 15
VisualStudioVersion = 15.0.26430.13
MinimumVisualStudioVersion = 10.0.40219.1
Project("{FAE04EC0-301F-11D3-BF4B-00C04F79EFBC}") = "loop-statesments2", "loop-statesments2\loop-statesments2.csproj", "{8B97925A-8440-4C05-BD96-A3E9D128CF4A}"
EndProject
Project("{FAE04EC0-301F-11D3-BF4B-00C04F79EFBC}") = "task-2", "task-2\task-2.csproj", "{99C918DD-2265-424B-9404-3AAE4BB2AF33}"
EndProject
Project("{FAE04EC0-301F-11D3-BF4B-00C04F79EFBC}") = "task-3", "task-3\task-3.csproj", "{C40A13F5-BCC9-41D6-A748-9CE069491130}"
EndProject
Global
	GlobalSection(SolutionConfigurationPlatforms) = preSolution
		Debug|Any CPU = Debug|Any CPU
		Release|Any CPU = Release|Any CPU
	EndGlobalSection
	GlobalSection(ProjectConfigurationPlatforms) = postSolution
		{8B97925A-8440-4C05-BD96-A3E9D128CF4A}.Debug|Any CPU.ActiveCfg = Debug|Any CPU
		{8B97925A-8440-4C05-BD96-A3E9D128CF4A}.Debug|Any CPU.Build.0 = Debug|Any CPU
		{8B97925A-8440-4C05-BD96-A3E9D128CF4A}.Release|Any CPU.ActiveCfg = Release|Any CPU
		{8B97925A-8440-4C05-BD96-A3E9D128CF4A}.Release|Any CPU.Build.0 = Release|Any CPU
		{99C918DD-2265-424B-9404-3AAE4BB2AF33}.Debug|Any CPU.ActiveCfg = Debug|Any CPU
		{99C918DD-2265-424B-9404-3AAE4BB2AF33}.Debug|Any CPU.Build.0 = Debug|Any CPU
		{99C918DD-2265-424B-9404-3AAE4BB2AF33}.Release|Any CPU.ActiveCfg = Release|Any CPU
		{99C918DD-2265-424B-9404-3AAE4BB2AF33}.Release|Any CPU.Build.0 = Release|Any CPU
		{C40A13F5-BCC9-41D6-A748-9CE069491130}.Debug|Any CPU.ActiveCfg = Debug|Any CPU
		{C40A13F5-BCC9-41D6-A748-9CE069491130}.Debug|Any CPU.Build.0 = Debug|Any CPU
		{C40A13F5-BCC9-41D6-A748-9CE069491130}.Release|Any CPU.ActiveCfg = Release|Any CPU
		{C40A13F5-BCC9-41D6-A748-9CE069491130}.Release|Any CPU.Build.0 = Release|Any CPU
	EndGlobalSection
	GlobalSection(SolutionProperties) = preSolution
		HideSolutionNode = FALSE
	EndGlobalSection
EndGlobal
